// !$*UTF8*$!
{
	archiveVersion = 1;
	classes = {
	};
	objectVersion = 50;
	objects = {

/* Begin PBXBuildFile section */
		C43C59362626BB310050FEB3 /* AppDelegate.swift in Sources */ = {isa = PBXBuildFile; fileRef = C43C59352626BB310050FEB3 /* AppDelegate.swift */; };
		C43C59382626BB310050FEB3 /* SceneDelegate.swift in Sources */ = {isa = PBXBuildFile; fileRef = C43C59372626BB310050FEB3 /* SceneDelegate.swift */; };
		C43C593A2626BB310050FEB3 /* ViewController.swift in Sources */ = {isa = PBXBuildFile; fileRef = C43C59392626BB310050FEB3 /* ViewController.swift */; };
		C43C593D2626BB310050FEB3 /* Main.storyboard in Resources */ = {isa = PBXBuildFile; fileRef = C43C593B2626BB310050FEB3 /* Main.storyboard */; };
		C43C59402626BB310050FEB3 /* APOD.xcdatamodeld in Sources */ = {isa = PBXBuildFile; fileRef = C43C593E2626BB310050FEB3 /* APOD.xcdatamodeld */; };
		C43C59422626BB330050FEB3 /* Assets.xcassets in Resources */ = {isa = PBXBuildFile; fileRef = C43C59412626BB330050FEB3 /* Assets.xcassets */; };
		C43C59452626BB330050FEB3 /* LaunchScreen.storyboard in Resources */ = {isa = PBXBuildFile; fileRef = C43C59432626BB330050FEB3 /* LaunchScreen.storyboard */; };
		C43C59502626BB330050FEB3 /* APODTests.swift in Sources */ = {isa = PBXBuildFile; fileRef = C43C594F2626BB330050FEB3 /* APODTests.swift */; };
		C43C595B2626BB330050FEB3 /* APODUITests.swift in Sources */ = {isa = PBXBuildFile; fileRef = C43C595A2626BB330050FEB3 /* APODUITests.swift */; };
		C43C59FD2626BDF20050FEB3 /* APIClient.swift in Sources */ = {isa = PBXBuildFile; fileRef = C43C59FC2626BDF20050FEB3 /* APIClient.swift */; };
		C43C5A072626BE020050FEB3 /* ImageDownloader.swift in Sources */ = {isa = PBXBuildFile; fileRef = C43C5A062626BE020050FEB3 /* ImageDownloader.swift */; };
		C43C5A0C2626BE0C0050FEB3 /* DataBaseHelper.swift in Sources */ = {isa = PBXBuildFile; fileRef = C43C5A0B2626BE0C0050FEB3 /* DataBaseHelper.swift */; };
		C43C5A112626BE190050FEB3 /* NetworkStatus.swift in Sources */ = {isa = PBXBuildFile; fileRef = C43C5A102626BE190050FEB3 /* NetworkStatus.swift */; };
		C43C5A1A2626BE360050FEB3 /* ApodEntity+CoreDataProperties.swift in Sources */ = {isa = PBXBuildFile; fileRef = C43C5A182626BE360050FEB3 /* ApodEntity+CoreDataProperties.swift */; };
		C43C5A1B2626BE360050FEB3 /* ApodEntity+CoreDataClass.swift in Sources */ = {isa = PBXBuildFile; fileRef = C43C5A192626BE360050FEB3 /* ApodEntity+CoreDataClass.swift */; };
		C43C5A202626BE3E0050FEB3 /* Apod.swift in Sources */ = {isa = PBXBuildFile; fileRef = C43C5A1F2626BE3E0050FEB3 /* Apod.swift */; };
		C43C5A252626BE480050FEB3 /* APODViewModel.swift in Sources */ = {isa = PBXBuildFile; fileRef = C43C5A242626BE480050FEB3 /* APODViewModel.swift */; };
/* End PBXBuildFile section */

/* Begin PBXContainerItemProxy section */
		C43C594C2626BB330050FEB3 /* PBXContainerItemProxy */ = {
			isa = PBXContainerItemProxy;
			containerPortal = C43C592A2626BB310050FEB3 /* Project object */;
			proxyType = 1;
			remoteGlobalIDString = C43C59312626BB310050FEB3;
			remoteInfo = APOD;
		};
		C43C59572626BB330050FEB3 /* PBXContainerItemProxy */ = {
			isa = PBXContainerItemProxy;
			containerPortal = C43C592A2626BB310050FEB3 /* Project object */;
			proxyType = 1;
			remoteGlobalIDString = C43C59312626BB310050FEB3;
			remoteInfo = APOD;
		};
/* End PBXContainerItemProxy section */

/* Begin PBXFileReference section */
		C43C59322626BB310050FEB3 /* APOD.app */ = {isa = PBXFileReference; explicitFileType = wrapper.application; includeInIndex = 0; path = APOD.app; sourceTree = BUILT_PRODUCTS_DIR; };
		C43C59352626BB310050FEB3 /* AppDelegate.swift */ = {isa = PBXFileReference; lastKnownFileType = sourcecode.swift; path = AppDelegate.swift; sourceTree = "<group>"; };
		C43C59372626BB310050FEB3 /* SceneDelegate.swift */ = {isa = PBXFileReference; lastKnownFileType = sourcecode.swift; path = SceneDelegate.swift; sourceTree = "<group>"; };
		C43C59392626BB310050FEB3 /* ViewController.swift */ = {isa = PBXFileReference; lastKnownFileType = sourcecode.swift; path = ViewController.swift; sourceTree = "<group>"; };
		C43C593C2626BB310050FEB3 /* Base */ = {isa = PBXFileReference; lastKnownFileType = file.storyboard; name = Base; path = Base.lproj/Main.storyboard; sourceTree = "<group>"; };
		C43C593F2626BB310050FEB3 /* APOD.xcdatamodel */ = {isa = PBXFileReference; lastKnownFileType = wrapper.xcdatamodel; path = APOD.xcdatamodel; sourceTree = "<group>"; };
		C43C59412626BB330050FEB3 /* Assets.xcassets */ = {isa = PBXFileReference; lastKnownFileType = folder.assetcatalog; path = Assets.xcassets; sourceTree = "<group>"; };
		C43C59442626BB330050FEB3 /* Base */ = {isa = PBXFileReference; lastKnownFileType = file.storyboard; name = Base; path = Base.lproj/LaunchScreen.storyboard; sourceTree = "<group>"; };
		C43C59462626BB330050FEB3 /* Info.plist */ = {isa = PBXFileReference; lastKnownFileType = text.plist.xml; path = Info.plist; sourceTree = "<group>"; };
		C43C594B2626BB330050FEB3 /* APODTests.xctest */ = {isa = PBXFileReference; explicitFileType = wrapper.cfbundle; includeInIndex = 0; path = APODTests.xctest; sourceTree = BUILT_PRODUCTS_DIR; };
		C43C594F2626BB330050FEB3 /* APODTests.swift */ = {isa = PBXFileReference; lastKnownFileType = sourcecode.swift; path = APODTests.swift; sourceTree = "<group>"; };
		C43C59512626BB330050FEB3 /* Info.plist */ = {isa = PBXFileReference; lastKnownFileType = text.plist.xml; path = Info.plist; sourceTree = "<group>"; };
		C43C59562626BB330050FEB3 /* APODUITests.xctest */ = {isa = PBXFileReference; explicitFileType = wrapper.cfbundle; includeInIndex = 0; path = APODUITests.xctest; sourceTree = BUILT_PRODUCTS_DIR; };
		C43C595A2626BB330050FEB3 /* APODUITests.swift */ = {isa = PBXFileReference; lastKnownFileType = sourcecode.swift; path = APODUITests.swift; sourceTree = "<group>"; };
		C43C595C2626BB330050FEB3 /* Info.plist */ = {isa = PBXFileReference; lastKnownFileType = text.plist.xml; path = Info.plist; sourceTree = "<group>"; };
		C43C59FC2626BDF20050FEB3 /* APIClient.swift */ = {isa = PBXFileReference; fileEncoding = 4; lastKnownFileType = sourcecode.swift; path = APIClient.swift; sourceTree = "<group>"; };
		C43C5A062626BE020050FEB3 /* ImageDownloader.swift */ = {isa = PBXFileReference; fileEncoding = 4; lastKnownFileType = sourcecode.swift; path = ImageDownloader.swift; sourceTree = "<group>"; };
		C43C5A0B2626BE0C0050FEB3 /* DataBaseHelper.swift */ = {isa = PBXFileReference; fileEncoding = 4; lastKnownFileType = sourcecode.swift; path = DataBaseHelper.swift; sourceTree = "<group>"; };
		C43C5A102626BE190050FEB3 /* NetworkStatus.swift */ = {isa = PBXFileReference; fileEncoding = 4; lastKnownFileType = sourcecode.swift; path = NetworkStatus.swift; sourceTree = "<group>"; };
		C43C5A182626BE360050FEB3 /* ApodEntity+CoreDataProperties.swift */ = {isa = PBXFileReference; fileEncoding = 4; lastKnownFileType = sourcecode.swift; path = "ApodEntity+CoreDataProperties.swift"; sourceTree = "<group>"; };
		C43C5A192626BE360050FEB3 /* ApodEntity+CoreDataClass.swift */ = {isa = PBXFileReference; fileEncoding = 4; lastKnownFileType = sourcecode.swift; path = "ApodEntity+CoreDataClass.swift"; sourceTree = "<group>"; };
		C43C5A1F2626BE3E0050FEB3 /* Apod.swift */ = {isa = PBXFileReference; fileEncoding = 4; lastKnownFileType = sourcecode.swift; path = Apod.swift; sourceTree = "<group>"; };
		C43C5A242626BE480050FEB3 /* APODViewModel.swift */ = {isa = PBXFileReference; fileEncoding = 4; lastKnownFileType = sourcecode.swift; path = APODViewModel.swift; sourceTree = "<group>"; };
/* End PBXFileReference section */

/* Begin PBXFrameworksBuildPhase section */
		C43C592F2626BB310050FEB3 /* Frameworks */ = {
			isa = PBXFrameworksBuildPhase;
			buildActionMask = 2147483647;
			files = (
			);
			runOnlyForDeploymentPostprocessing = 0;
		};
		C43C59482626BB330050FEB3 /* Frameworks */ = {
			isa = PBXFrameworksBuildPhase;
			buildActionMask = 2147483647;
			files = (
			);
			runOnlyForDeploymentPostprocessing = 0;
		};
		C43C59532626BB330050FEB3 /* Frameworks */ = {
			isa = PBXFrameworksBuildPhase;
			buildActionMask = 2147483647;
			files = (
			);
			runOnlyForDeploymentPostprocessing = 0;
		};
/* End PBXFrameworksBuildPhase section */

/* Begin PBXGroup section */
		C43C59292626BB310050FEB3 = {
			isa = PBXGroup;
			children = (
				C43C59342626BB310050FEB3 /* APOD */,
				C43C594E2626BB330050FEB3 /* APODTests */,
				C43C59592626BB330050FEB3 /* APODUITests */,
				C43C59332626BB310050FEB3 /* Products */,
			);
			sourceTree = "<group>";
		};
		C43C59332626BB310050FEB3 /* Products */ = {
			isa = PBXGroup;
			children = (
				C43C59322626BB310050FEB3 /* APOD.app */,
				C43C594B2626BB330050FEB3 /* APODTests.xctest */,
				C43C59562626BB330050FEB3 /* APODUITests.xctest */,
			);
			name = Products;
			sourceTree = "<group>";
		};
		C43C59342626BB310050FEB3 /* APOD */ = {
			isa = PBXGroup;
			children = (
				C43C59352626BB310050FEB3 /* AppDelegate.swift */,
				C43C59372626BB310050FEB3 /* SceneDelegate.swift */,
				C43C59392626BB310050FEB3 /* ViewController.swift */,
				C43C59F82626BD710050FEB3 /* DataPersistance */,
				C43C59F52626BD460050FEB3 /* Models */,
				C43C59F62626BD4F0050FEB3 /* ViewModels */,
				C43C59F72626BD570050FEB3 /* NetworkLayer */,
				C43C593B2626BB310050FEB3 /* Main.storyboard */,
				C43C59412626BB330050FEB3 /* Assets.xcassets */,
				C43C59432626BB330050FEB3 /* LaunchScreen.storyboard */,
				C43C59462626BB330050FEB3 /* Info.plist */,
				C43C593E2626BB310050FEB3 /* APOD.xcdatamodeld */,
			);
			path = APOD;
			sourceTree = "<group>";
		};
		C43C594E2626BB330050FEB3 /* APODTests */ = {
			isa = PBXGroup;
			children = (
				C43C594F2626BB330050FEB3 /* APODTests.swift */,
				C43C59512626BB330050FEB3 /* Info.plist */,
			);
			path = APODTests;
			sourceTree = "<group>";
		};
		C43C59592626BB330050FEB3 /* APODUITests */ = {
			isa = PBXGroup;
			children = (
				C43C595A2626BB330050FEB3 /* APODUITests.swift */,
				C43C595C2626BB330050FEB3 /* Info.plist */,
			);
			path = APODUITests;
			sourceTree = "<group>";
		};
		C43C59F52626BD460050FEB3 /* Models */ = {
			isa = PBXGroup;
			children = (
				C43C5A1F2626BE3E0050FEB3 /* Apod.swift */,
			);
			path = Models;
			sourceTree = "<group>";
		};
		C43C59F62626BD4F0050FEB3 /* ViewModels */ = {
			isa = PBXGroup;
			children = (
				C43C5A242626BE480050FEB3 /* APODViewModel.swift */,
			);
			path = ViewModels;
			sourceTree = "<group>";
		};
		C43C59F72626BD570050FEB3 /* NetworkLayer */ = {
			isa = PBXGroup;
			children = (
				C43C5A102626BE190050FEB3 /* NetworkStatus.swift */,
				C43C5A062626BE020050FEB3 /* ImageDownloader.swift */,
				C43C59FC2626BDF20050FEB3 /* APIClient.swift */,
			);
			path = NetworkLayer;
			sourceTree = "<group>";
		};
		C43C59F82626BD710050FEB3 /* DataPersistance */ = {
			isa = PBXGroup;
			children = (
				C43C5A0B2626BE0C0050FEB3 /* DataBaseHelper.swift */,
				C43C5A192626BE360050FEB3 /* ApodEntity+CoreDataClass.swift */,
				C43C5A182626BE360050FEB3 /* ApodEntity+CoreDataProperties.swift */,
			);
			path = DataPersistance;
			sourceTree = "<group>";
		};
/* End PBXGroup section */

/* Begin PBXNativeTarget section */
		C43C59312626BB310050FEB3 /* APOD */ = {
			isa = PBXNativeTarget;
			buildConfigurationList = C43C595F2626BB330050FEB3 /* Build configuration list for PBXNativeTarget "APOD" */;
			buildPhases = (
				C43C592E2626BB310050FEB3 /* Sources */,
				C43C592F2626BB310050FEB3 /* Frameworks */,
				C43C59302626BB310050FEB3 /* Resources */,
			);
			buildRules = (
			);
			dependencies = (
			);
			name = APOD;
			productName = APOD;
			productReference = C43C59322626BB310050FEB3 /* APOD.app */;
			productType = "com.apple.product-type.application";
		};
		C43C594A2626BB330050FEB3 /* APODTests */ = {
			isa = PBXNativeTarget;
			buildConfigurationList = C43C59622626BB330050FEB3 /* Build configuration list for PBXNativeTarget "APODTests" */;
			buildPhases = (
				C43C59472626BB330050FEB3 /* Sources */,
				C43C59482626BB330050FEB3 /* Frameworks */,
				C43C59492626BB330050FEB3 /* Resources */,
			);
			buildRules = (
			);
			dependencies = (
				C43C594D2626BB330050FEB3 /* PBXTargetDependency */,
			);
			name = APODTests;
			productName = APODTests;
			productReference = C43C594B2626BB330050FEB3 /* APODTests.xctest */;
			productType = "com.apple.product-type.bundle.unit-test";
		};
		C43C59552626BB330050FEB3 /* APODUITests */ = {
			isa = PBXNativeTarget;
			buildConfigurationList = C43C59652626BB330050FEB3 /* Build configuration list for PBXNativeTarget "APODUITests" */;
			buildPhases = (
				C43C59522626BB330050FEB3 /* Sources */,
				C43C59532626BB330050FEB3 /* Frameworks */,
				C43C59542626BB330050FEB3 /* Resources */,
			);
			buildRules = (
			);
			dependencies = (
				C43C59582626BB330050FEB3 /* PBXTargetDependency */,
			);
			name = APODUITests;
			productName = APODUITests;
			productReference = C43C59562626BB330050FEB3 /* APODUITests.xctest */;
			productType = "com.apple.product-type.bundle.ui-testing";
		};
/* End PBXNativeTarget section */

/* Begin PBXProject section */
		C43C592A2626BB310050FEB3 /* Project object */ = {
			isa = PBXProject;
			attributes = {
				LastSwiftUpdateCheck = 1240;
				LastUpgradeCheck = 1240;
				TargetAttributes = {
					C43C59312626BB310050FEB3 = {
						CreatedOnToolsVersion = 12.4;
					};
					C43C594A2626BB330050FEB3 = {
						CreatedOnToolsVersion = 12.4;
						TestTargetID = C43C59312626BB310050FEB3;
					};
					C43C59552626BB330050FEB3 = {
						CreatedOnToolsVersion = 12.4;
						TestTargetID = C43C59312626BB310050FEB3;
					};
				};
			};
			buildConfigurationList = C43C592D2626BB310050FEB3 /* Build configuration list for PBXProject "APOD" */;
			compatibilityVersion = "Xcode 9.3";
			developmentRegion = en;
			hasScannedForEncodings = 0;
			knownRegions = (
				en,
				Base,
			);
			mainGroup = C43C59292626BB310050FEB3;
			productRefGroup = C43C59332626BB310050FEB3 /* Products */;
			projectDirPath = "";
			projectRoot = "";
			targets = (
				C43C59312626BB310050FEB3 /* APOD */,
				C43C594A2626BB330050FEB3 /* APODTests */,
				C43C59552626BB330050FEB3 /* APODUITests */,
			);
		};
/* End PBXProject section */

/* Begin PBXResourcesBuildPhase section */
		C43C59302626BB310050FEB3 /* Resources */ = {
			isa = PBXResourcesBuildPhase;
			buildActionMask = 2147483647;
			files = (
				C43C59452626BB330050FEB3 /* LaunchScreen.storyboard in Resources */,
				C43C59422626BB330050FEB3 /* Assets.xcassets in Resources */,
				C43C593D2626BB310050FEB3 /* Main.storyboard in Resources */,
			);
			runOnlyForDeploymentPostprocessing = 0;
		};
		C43C59492626BB330050FEB3 /* Resources */ = {
			isa = PBXResourcesBuildPhase;
			buildActionMask = 2147483647;
			files = (
			);
			runOnlyForDeploymentPostprocessing = 0;
		};
		C43C59542626BB330050FEB3 /* Resources */ = {
			isa = PBXResourcesBuildPhase;
			buildActionMask = 2147483647;
			files = (
			);
			runOnlyForDeploymentPostprocessing = 0;
		};
/* End PBXResourcesBuildPhase section */

/* Begin PBXSourcesBuildPhase section */
		C43C592E2626BB310050FEB3 /* Sources */ = {
			isa = PBXSourcesBuildPhase;
			buildActionMask = 2147483647;
			files = (
				C43C5A1B2626BE360050FEB3 /* ApodEntity+CoreDataClass.swift in Sources */,
				C43C593A2626BB310050FEB3 /* ViewController.swift in Sources */,
				C43C5A252626BE480050FEB3 /* APODViewModel.swift in Sources */,
				C43C5A112626BE190050FEB3 /* NetworkStatus.swift in Sources */,
				C43C5A1A2626BE360050FEB3 /* ApodEntity+CoreDataProperties.swift in Sources */,
				C43C5A202626BE3E0050FEB3 /* Apod.swift in Sources */,
				C43C59402626BB310050FEB3 /* APOD.xcdatamodeld in Sources */,
				C43C5A072626BE020050FEB3 /* ImageDownloader.swift in Sources */,
				C43C5A0C2626BE0C0050FEB3 /* DataBaseHelper.swift in Sources */,
				C43C59362626BB310050FEB3 /* AppDelegate.swift in Sources */,
				C43C59FD2626BDF20050FEB3 /* APIClient.swift in Sources */,
				C43C59382626BB310050FEB3 /* SceneDelegate.swift in Sources */,
			);
			runOnlyForDeploymentPostprocessing = 0;
		};
		C43C59472626BB330050FEB3 /* Sources */ = {
			isa = PBXSourcesBuildPhase;
			buildActionMask = 2147483647;
			files = (
				C43C59502626BB330050FEB3 /* APODTests.swift in Sources */,
			);
			runOnlyForDeploymentPostprocessing = 0;
		};
		C43C59522626BB330050FEB3 /* Sources */ = {
			isa = PBXSourcesBuildPhase;
			buildActionMask = 2147483647;
			files = (
				C43C595B2626BB330050FEB3 /* APODUITests.swift in Sources */,
			);
			runOnlyForDeploymentPostprocessing = 0;
		};
/* End PBXSourcesBuildPhase section */

/* Begin PBXTargetDependency section */
		C43C594D2626BB330050FEB3 /* PBXTargetDependency */ = {
			isa = PBXTargetDependency;
			target = C43C59312626BB310050FEB3 /* APOD */;
			targetProxy = C43C594C2626BB330050FEB3 /* PBXContainerItemProxy */;
		};
		C43C59582626BB330050FEB3 /* PBXTargetDependency */ = {
			isa = PBXTargetDependency;
			target = C43C59312626BB310050FEB3 /* APOD */;
			targetProxy = C43C59572626BB330050FEB3 /* PBXContainerItemProxy */;
		};
/* End PBXTargetDependency section */

/* Begin PBXVariantGroup section */
		C43C593B2626BB310050FEB3 /* Main.storyboard */ = {
			isa = PBXVariantGroup;
			children = (
				C43C593C2626BB310050FEB3 /* Base */,
			);
			name = Main.storyboard;
			sourceTree = "<group>";
		};
		C43C59432626BB330050FEB3 /* LaunchScreen.storyboard */ = {
			isa = PBXVariantGroup;
			children = (
				C43C59442626BB330050FEB3 /* Base */,
			);
			name = LaunchScreen.storyboard;
			sourceTree = "<group>";
		};
/* End PBXVariantGroup section */

/* Begin XCBuildConfiguration section */
		C43C595D2626BB330050FEB3 /* Debug */ = {
			isa = XCBuildConfiguration;
			buildSettings = {
				ALWAYS_SEARCH_USER_PATHS = NO;
				CLANG_ANALYZER_NONNULL = YES;
				CLANG_ANALYZER_NUMBER_OBJECT_CONVERSION = YES_AGGRESSIVE;
				CLANG_CXX_LANGUAGE_STANDARD = "gnu++14";
				CLANG_CXX_LIBRARY = "libc++";
				CLANG_ENABLE_MODULES = YES;
				CLANG_ENABLE_OBJC_ARC = YES;
				CLANG_ENABLE_OBJC_WEAK = YES;
				CLANG_WARN_BLOCK_CAPTURE_AUTORELEASING = YES;
				CLANG_WARN_BOOL_CONVERSION = YES;
				CLANG_WARN_COMMA = YES;
				CLANG_WARN_CONSTANT_CONVERSION = YES;
				CLANG_WARN_DEPRECATED_OBJC_IMPLEMENTATIONS = YES;
				CLANG_WARN_DIRECT_OBJC_ISA_USAGE = YES_ERROR;
				CLANG_WARN_DOCUMENTATION_COMMENTS = YES;
				CLANG_WARN_EMPTY_BODY = YES;
				CLANG_WARN_ENUM_CONVERSION = YES;
				CLANG_WARN_INFINITE_RECURSION = YES;
				CLANG_WARN_INT_CONVERSION = YES;
				CLANG_WARN_NON_LITERAL_NULL_CONVERSION = YES;
				CLANG_WARN_OBJC_IMPLICIT_RETAIN_SELF = YES;
				CLANG_WARN_OBJC_LITERAL_CONVERSION = YES;
				CLANG_WARN_OBJC_ROOT_CLASS = YES_ERROR;
				CLANG_WARN_QUOTED_INCLUDE_IN_FRAMEWORK_HEADER = YES;
				CLANG_WARN_RANGE_LOOP_ANALYSIS = YES;
				CLANG_WARN_STRICT_PROTOTYPES = YES;
				CLANG_WARN_SUSPICIOUS_MOVE = YES;
				CLANG_WARN_UNGUARDED_AVAILABILITY = YES_AGGRESSIVE;
				CLANG_WARN_UNREACHABLE_CODE = YES;
				CLANG_WARN__DUPLICATE_METHOD_MATCH = YES;
				COPY_PHASE_STRIP = NO;
				DEBUG_INFORMATION_FORMAT = dwarf;
				ENABLE_STRICT_OBJC_MSGSEND = YES;
				ENABLE_TESTABILITY = YES;
				GCC_C_LANGUAGE_STANDARD = gnu11;
				GCC_DYNAMIC_NO_PIC = NO;
				GCC_NO_COMMON_BLOCKS = YES;
				GCC_OPTIMIZATION_LEVEL = 0;
				GCC_PREPROCESSOR_DEFINITIONS = (
					"DEBUG=1",
					"$(inherited)",
				);
				GCC_WARN_64_TO_32_BIT_CONVERSION = YES;
				GCC_WARN_ABOUT_RETURN_TYPE = YES_ERROR;
				GCC_WARN_UNDECLARED_SELECTOR = YES;
				GCC_WARN_UNINITIALIZED_AUTOS = YES_AGGRESSIVE;
				GCC_WARN_UNUSED_FUNCTION = YES;
				GCC_WARN_UNUSED_VARIABLE = YES;
				IPHONEOS_DEPLOYMENT_TARGET = 14.4;
				MTL_ENABLE_DEBUG_INFO = INCLUDE_SOURCE;
				MTL_FAST_MATH = YES;
				ONLY_ACTIVE_ARCH = YES;
				SDKROOT = iphoneos;
				SWIFT_ACTIVE_COMPILATION_CONDITIONS = DEBUG;
				SWIFT_OPTIMIZATION_LEVEL = "-Onone";
			};
			name = Debug;
		};
		C43C595E2626BB330050FEB3 /* Release */ = {
			isa = XCBuildConfiguration;
			buildSettings = {
				ALWAYS_SEARCH_USER_PATHS = NO;
				CLANG_ANALYZER_NONNULL = YES;
				CLANG_ANALYZER_NUMBER_OBJECT_CONVERSION = YES_AGGRESSIVE;
				CLANG_CXX_LANGUAGE_STANDARD = "gnu++14";
				CLANG_CXX_LIBRARY = "libc++";
				CLANG_ENABLE_MODULES = YES;
				CLANG_ENABLE_OBJC_ARC = YES;
				CLANG_ENABLE_OBJC_WEAK = YES;
				CLANG_WARN_BLOCK_CAPTURE_AUTORELEASING = YES;
				CLANG_WARN_BOOL_CONVERSION = YES;
				CLANG_WARN_COMMA = YES;
				CLANG_WARN_CONSTANT_CONVERSION = YES;
				CLANG_WARN_DEPRECATED_OBJC_IMPLEMENTATIONS = YES;
				CLANG_WARN_DIRECT_OBJC_ISA_USAGE = YES_ERROR;
				CLANG_WARN_DOCUMENTATION_COMMENTS = YES;
				CLANG_WARN_EMPTY_BODY = YES;
				CLANG_WARN_ENUM_CONVERSION = YES;
				CLANG_WARN_INFINITE_RECURSION = YES;
				CLANG_WARN_INT_CONVERSION = YES;
				CLANG_WARN_NON_LITERAL_NULL_CONVERSION = YES;
				CLANG_WARN_OBJC_IMPLICIT_RETAIN_SELF = YES;
				CLANG_WARN_OBJC_LITERAL_CONVERSION = YES;
				CLANG_WARN_OBJC_ROOT_CLASS = YES_ERROR;
				CLANG_WARN_QUOTED_INCLUDE_IN_FRAMEWORK_HEADER = YES;
				CLANG_WARN_RANGE_LOOP_ANALYSIS = YES;
				CLANG_WARN_STRICT_PROTOTYPES = YES;
				CLANG_WARN_SUSPICIOUS_MOVE = YES;
				CLANG_WARN_UNGUARDED_AVAILABILITY = YES_AGGRESSIVE;
				CLANG_WARN_UNREACHABLE_CODE = YES;
				CLANG_WARN__DUPLICATE_METHOD_MATCH = YES;
				COPY_PHASE_STRIP = NO;
				DEBUG_INFORMATION_FORMAT = "dwarf-with-dsym";
				ENABLE_NS_ASSERTIONS = NO;
				ENABLE_STRICT_OBJC_MSGSEND = YES;
				GCC_C_LANGUAGE_STANDARD = gnu11;
				GCC_NO_COMMON_BLOCKS = YES;
				GCC_WARN_64_TO_32_BIT_CONVERSION = YES;
				GCC_WARN_ABOUT_RETURN_TYPE = YES_ERROR;
				GCC_WARN_UNDECLARED_SELECTOR = YES;
				GCC_WARN_UNINITIALIZED_AUTOS = YES_AGGRESSIVE;
				GCC_WARN_UNUSED_FUNCTION = YES;
				GCC_WARN_UNUSED_VARIABLE = YES;
				IPHONEOS_DEPLOYMENT_TARGET = 14.4;
				MTL_ENABLE_DEBUG_INFO = NO;
				MTL_FAST_MATH = YES;
				SDKROOT = iphoneos;
				SWIFT_COMPILATION_MODE = wholemodule;
				SWIFT_OPTIMIZATION_LEVEL = "-O";
				VALIDATE_PRODUCT = YES;
			};
			name = Release;
		};
		C43C59602626BB330050FEB3 /* Debug */ = {
			isa = XCBuildConfiguration;
			buildSettings = {
				ASSETCATALOG_COMPILER_APPICON_NAME = AppIcon;
				ASSETCATALOG_COMPILER_GLOBAL_ACCENT_COLOR_NAME = AccentColor;
				CODE_SIGN_STYLE = Automatic;
				INFOPLIST_FILE = APOD/Info.plist;
				LD_RUNPATH_SEARCH_PATHS = (
					"$(inherited)",
					"@executable_path/Frameworks",
				);
				PRODUCT_BUNDLE_IDENTIFIER = com.amarnath.Me.APOD;
				PRODUCT_NAME = "$(TARGET_NAME)";
				SWIFT_VERSION = 5.0;
				TARGETED_DEVICE_FAMILY = "1,2";
			};
			name = Debug;
		};
		C43C59612626BB330050FEB3 /* Release */ = {
			isa = XCBuildConfiguration;
			buildSettings = {
				ASSETCATALOG_COMPILER_APPICON_NAME = AppIcon;
				ASSETCATALOG_COMPILER_GLOBAL_ACCENT_COLOR_NAME = AccentColor;
				CODE_SIGN_STYLE = Automatic;
				INFOPLIST_FILE = APOD/Info.plist;
				LD_RUNPATH_SEARCH_PATHS = (
					"$(inherited)",
					"@executable_path/Frameworks",
				);
				PRODUCT_BUNDLE_IDENTIFIER = com.amarnath.Me.APOD;
				PRODUCT_NAME = "$(TARGET_NAME)";
				SWIFT_VERSION = 5.0;
				TARGETED_DEVICE_FAMILY = "1,2";
			};
			name = Release;
		};
		C43C59632626BB330050FEB3 /* Debug */ = {
			isa = XCBuildConfiguration;
			buildSettings = {
				ALWAYS_EMBED_SWIFT_STANDARD_LIBRARIES = YES;
				BUNDLE_LOADER = "$(TEST_HOST)";
				CODE_SIGN_STYLE = Automatic;
				INFOPLIST_FILE = APODTests/Info.plist;
				IPHONEOS_DEPLOYMENT_TARGET = 14.4;
				LD_RUNPATH_SEARCH_PATHS = (
					"$(inherited)",
					"@executable_path/Frameworks",
					"@loader_path/Frameworks",
				);
				PRODUCT_BUNDLE_IDENTIFIER = com.amarnath.Me.APODTests;
				PRODUCT_NAME = "$(TARGET_NAME)";
				SWIFT_VERSION = 5.0;
				TARGETED_DEVICE_FAMILY = "1,2";
				TEST_HOST = "$(BUILT_PRODUCTS_DIR)/APOD.app/APOD";
			};
			name = Debug;
		};
		C43C59642626BB330050FEB3 /* Release */ = {
			isa = XCBuildConfiguration;
			buildSettings = {
				ALWAYS_EMBED_SWIFT_STANDARD_LIBRARIES = YES;
				BUNDLE_LOADER = "$(TEST_HOST)";
				CODE_SIGN_STYLE = Automatic;
				INFOPLIST_FILE = APODTests/Info.plist;
				IPHONEOS_DEPLOYMENT_TARGET = 14.4;
				LD_RUNPATH_SEARCH_PATHS = (
					"$(inherited)",
					"@executable_path/Frameworks",
					"@loader_path/Frameworks",
				);
				PRODUCT_BUNDLE_IDENTIFIER = com.amarnath.Me.APODTests;
				PRODUCT_NAME = "$(TARGET_NAME)";
				SWIFT_VERSION = 5.0;
				TARGETED_DEVICE_FAMILY = "1,2";
				TEST_HOST = "$(BUILT_PRODUCTS_DIR)/APOD.app/APOD";
			};
			name = Release;
		};
		C43C59662626BB330050FEB3 /* Debug */ = {
			isa = XCBuildConfiguration;
			buildSettings = {
				ALWAYS_EMBED_SWIFT_STANDARD_LIBRARIES = YES;
				CODE_SIGN_STYLE = Automatic;
				INFOPLIST_FILE = APODUITests/Info.plist;
				LD_RUNPATH_SEARCH_PATHS = (
					"$(inherited)",
					"@executable_path/Frameworks",
					"@loader_path/Frameworks",
				);
				PRODUCT_BUNDLE_IDENTIFIER = com.amarnath.Me.APODUITests;
				PRODUCT_NAME = "$(TARGET_NAME)";
				SWIFT_VERSION = 5.0;
				TARGETED_DEVICE_FAMILY = "1,2";
				TEST_TARGET_NAME = APOD;
			};
			name = Debug;
		};
		C43C59672626BB330050FEB3 /* Release */ = {
			isa = XCBuildConfiguration;
			buildSettings = {
				ALWAYS_EMBED_SWIFT_STANDARD_LIBRARIES = YES;
				CODE_SIGN_STYLE = Automatic;
				INFOPLIST_FILE = APODUITests/Info.plist;
				LD_RUNPATH_SEARCH_PATHS = (
					"$(inherited)",
					"@executable_path/Frameworks",
					"@loader_path/Frameworks",
				);
				PRODUCT_BUNDLE_IDENTIFIER = com.amarnath.Me.APODUITests;
				PRODUCT_NAME = "$(TARGET_NAME)";
				SWIFT_VERSION = 5.0;
				TARGETED_DEVICE_FAMILY = "1,2";
				TEST_TARGET_NAME = APOD;
			};
			name = Release;
		};
/* End XCBuildConfiguration section */

/* Begin XCConfigurationList section */
		C43C592D2626BB310050FEB3 /* Build configuration list for PBXProject "APOD" */ = {
			isa = XCConfigurationList;
			buildConfigurations = (
				C43C595D2626BB330050FEB3 /* Debug */,
				C43C595E2626BB330050FEB3 /* Release */,
			);
			defaultConfigurationIsVisible = 0;
			defaultConfigurationName = Release;
		};
		C43C595F2626BB330050FEB3 /* Build configuration list for PBXNativeTarget "APOD" */ = {
			isa = XCConfigurationList;
			buildConfigurations = (
				C43C59602626BB330050FEB3 /* Debug */,
				C43C59612626BB330050FEB3 /* Release */,
			);
			defaultConfigurationIsVisible = 0;
			defaultConfigurationName = Release;
		};
		C43C59622626BB330050FEB3 /* Build configuration list for PBXNativeTarget "APODTests" */ = {
			isa = XCConfigurationList;
			buildConfigurations = (
				C43C59632626BB330050FEB3 /* Debug */,
				C43C59642626BB330050FEB3 /* Release */,
			);
			defaultConfigurationIsVisible = 0;
			defaultConfigurationName = Release;
		};
		C43C59652626BB330050FEB3 /* Build configuration list for PBXNativeTarget "APODUITests" */ = {
			isa = XCConfigurationList;
			buildConfigurations = (
				C43C59662626BB330050FEB3 /* Debug */,
				C43C59672626BB330050FEB3 /* Release */,
			);
			defaultConfigurationIsVisible = 0;
			defaultConfigurationName = Release;
		};
/* End XCConfigurationList section */

/* Begin XCVersionGroup section */
		C43C593E2626BB310050FEB3 /* APOD.xcdatamodeld */ = {
			isa = XCVersionGroup;
			children = (
				C43C593F2626BB310050FEB3 /* APOD.xcdatamodel */,
			);
			currentVersion = C43C593F2626BB310050FEB3 /* APOD.xcdatamodel */;
			path = APOD.xcdatamodeld;
			sourceTree = "<group>";
			versionGroupType = wrapper.xcdatamodel;
		};
/* End XCVersionGroup section */
	};
	rootObject = C43C592A2626BB310050FEB3 /* Project object */;
}
